
Microsoft Visual Studio Solution File, Format Version 12.00
# Visual Studio 2013
VisualStudioVersion = 12.0.31101.0
MinimumVisualStudioVersion = 10.0.40219.1
Project("{FAE04EC0-301F-11D3-BF4B-00C04F79EFBC}") = "Domain", "src\Domain\Domain.csproj", "{34BF8362-2516-4F9A-87D4-F0ECE72F3D01}"
EndProject
Project("{FAE04EC0-301F-11D3-BF4B-00C04F79EFBC}") = "Domain.Tests", "tests\Domain.Tests\Domain.Tests.csproj", "{A2567B68-E008-4E45-826E-17E976D70FE3}"
EndProject
Project("{2150E333-8FDC-42A3-9474-1A3956D46DE8}") = "Solution Items", "Solution Items", "{E63D21B3-89E2-41E7-B74C-1121F3E3883D}"
	ProjectSection(SolutionItems) = preProject
		LICENSE.md = LICENSE.md
		README.md = README.md
	EndProjectSection
EndProject
Project("{FAE04EC0-301F-11D3-BF4B-00C04F79EFBC}") = "Website", "src\Website\Website.csproj", "{44322B99-1406-4F24-AAA0-800E7CFF6495}"
EndProject
Project("{FAE04EC0-301F-11D3-BF4B-00C04F79EFBC}") = "Website.Tests", "tests\Website.Tests\Website.Tests.csproj", "{F41E919A-1981-48D0-A1A7-EE4752FFD18B}"
EndProject
Global
	GlobalSection(SolutionConfigurationPlatforms) = preSolution
		Code analysis|Any CPU = Code analysis|Any CPU
		Debug|Any CPU = Debug|Any CPU
		Release|Any CPU = Release|Any CPU
	EndGlobalSection
	GlobalSection(ProjectConfigurationPlatforms) = postSolution
		{34BF8362-2516-4F9A-87D4-F0ECE72F3D01}.Code analysis|Any CPU.ActiveCfg = Code analysis|Any CPU
		{34BF8362-2516-4F9A-87D4-F0ECE72F3D01}.Code analysis|Any CPU.Build.0 = Code analysis|Any CPU
		{34BF8362-2516-4F9A-87D4-F0ECE72F3D01}.Debug|Any CPU.ActiveCfg = Debug|Any CPU
		{34BF8362-2516-4F9A-87D4-F0ECE72F3D01}.Debug|Any CPU.Build.0 = Debug|Any CPU
		{34BF8362-2516-4F9A-87D4-F0ECE72F3D01}.Release|Any CPU.ActiveCfg = Release|Any CPU
		{34BF8362-2516-4F9A-87D4-F0ECE72F3D01}.Release|Any CPU.Build.0 = Release|Any CPU
		{A2567B68-E008-4E45-826E-17E976D70FE3}.Code analysis|Any CPU.ActiveCfg = Code analysis|Any CPU
		{A2567B68-E008-4E45-826E-17E976D70FE3}.Code analysis|Any CPU.Build.0 = Code analysis|Any CPU
		{A2567B68-E008-4E45-826E-17E976D70FE3}.Debug|Any CPU.ActiveCfg = Debug|Any CPU
		{A2567B68-E008-4E45-826E-17E976D70FE3}.Debug|Any CPU.Build.0 = Debug|Any CPU
		{A2567B68-E008-4E45-826E-17E976D70FE3}.Release|Any CPU.ActiveCfg = Release|Any CPU
		{A2567B68-E008-4E45-826E-17E976D70FE3}.Release|Any CPU.Build.0 = Release|Any CPU
		{44322B99-1406-4F24-AAA0-800E7CFF6495}.Code analysis|Any CPU.ActiveCfg = Release|Any CPU
		{44322B99-1406-4F24-AAA0-800E7CFF6495}.Code analysis|Any CPU.Build.0 = Release|Any CPU
		{44322B99-1406-4F24-AAA0-800E7CFF6495}.Debug|Any CPU.ActiveCfg = Debug|Any CPU
		{44322B99-1406-4F24-AAA0-800E7CFF6495}.Debug|Any CPU.Build.0 = Debug|Any CPU
		{44322B99-1406-4F24-AAA0-800E7CFF6495}.Release|Any CPU.ActiveCfg = Release|Any CPU
		{44322B99-1406-4F24-AAA0-800E7CFF6495}.Release|Any CPU.Build.0 = Release|Any CPU
		{F41E919A-1981-48D0-A1A7-EE4752FFD18B}.Code analysis|Any CPU.ActiveCfg = Release|Any CPU
		{F41E919A-1981-48D0-A1A7-EE4752FFD18B}.Code analysis|Any CPU.Build.0 = Release|Any CPU
		{F41E919A-1981-48D0-A1A7-EE4752FFD18B}.Debug|Any CPU.ActiveCfg = Debug|Any CPU
		{F41E919A-1981-48D0-A1A7-EE4752FFD18B}.Debug|Any CPU.Build.0 = Debug|Any CPU
		{F41E919A-1981-48D0-A1A7-EE4752FFD18B}.Release|Any CPU.ActiveCfg = Release|Any CPU
		{F41E919A-1981-48D0-A1A7-EE4752FFD18B}.Release|Any CPU.Build.0 = Release|Any CPU
	EndGlobalSection
	GlobalSection(SolutionProperties) = preSolution
		HideSolutionNode = FALSE
	EndGlobalSection
	GlobalSection(TestCaseManagementSettings) = postSolution
		CategoryFile = PrisonersDilemma.vsmdi
	EndGlobalSection
	GlobalSection(NDepend) = preSolution
		Project = ".\PrisonersDilemma1.ndproj"
	EndGlobalSection
EndGlobal
